
Microsoft Visual Studio Solution File, Format Version 12.00
# Visual Studio 14
VisualStudioVersion = 14.0.25420.1
MinimumVisualStudioVersion = 10.0.40219.1
Project("{FAE04EC0-301F-11D3-BF4B-00C04F79EFBC}") = "Data Structures", "Data Structures\Data Structures.csproj", "{B20265A0-2010-4E1C-AB32-8E441DEF08F7}"
EndProject
Project("{FAE04EC0-301F-11D3-BF4B-00C04F79EFBC}") = "Game Pieces", "Game Pieces\Game Pieces.csproj", "{B38A16C3-74C0-4A57-BCD9-6000681C06B1}"
EndProject
Project("{FAE04EC0-301F-11D3-BF4B-00C04F79EFBC}") = "ZUnit", "ZUnit\ZUnit.csproj", "{95F5C100-3708-4DD5-BDCB-701419726872}"
EndProject
Project("{FAE04EC0-301F-11D3-BF4B-00C04F79EFBC}") = "Testing", "Testing\Testing.csproj", "{B41D8F48-9147-4B4E-A7BA-6FEF4E27BD5E}"
EndProject
Global
	GlobalSection(SolutionConfigurationPlatforms) = preSolution
		Debug|Any CPU = Debug|Any CPU
		Release|Any CPU = Release|Any CPU
	EndGlobalSection
	GlobalSection(ProjectConfigurationPlatforms) = postSolution
		{B20265A0-2010-4E1C-AB32-8E441DEF08F7}.Debug|Any CPU.ActiveCfg = Debug|Any CPU
		{B20265A0-2010-4E1C-AB32-8E441DEF08F7}.Debug|Any CPU.Build.0 = Debug|Any CPU
		{B20265A0-2010-4E1C-AB32-8E441DEF08F7}.Release|Any CPU.ActiveCfg = Release|Any CPU
		{B20265A0-2010-4E1C-AB32-8E441DEF08F7}.Release|Any CPU.Build.0 = Release|Any CPU
		{B38A16C3-74C0-4A57-BCD9-6000681C06B1}.Debug|Any CPU.ActiveCfg = Debug|Any CPU
		{B38A16C3-74C0-4A57-BCD9-6000681C06B1}.Debug|Any CPU.Build.0 = Debug|Any CPU
		{B38A16C3-74C0-4A57-BCD9-6000681C06B1}.Release|Any CPU.ActiveCfg = Release|Any CPU
		{B38A16C3-74C0-4A57-BCD9-6000681C06B1}.Release|Any CPU.Build.0 = Release|Any CPU
		{95F5C100-3708-4DD5-BDCB-701419726872}.Debug|Any CPU.ActiveCfg = Debug|Any CPU
		{95F5C100-3708-4DD5-BDCB-701419726872}.Debug|Any CPU.Build.0 = Debug|Any CPU
		{95F5C100-3708-4DD5-BDCB-701419726872}.Release|Any CPU.ActiveCfg = Release|Any CPU
		{95F5C100-3708-4DD5-BDCB-701419726872}.Release|Any CPU.Build.0 = Release|Any CPU
		{B41D8F48-9147-4B4E-A7BA-6FEF4E27BD5E}.Debug|Any CPU.ActiveCfg = Debug|Any CPU
		{B41D8F48-9147-4B4E-A7BA-6FEF4E27BD5E}.Debug|Any CPU.Build.0 = Debug|Any CPU
		{B41D8F48-9147-4B4E-A7BA-6FEF4E27BD5E}.Release|Any CPU.ActiveCfg = Release|Any CPU
		{B41D8F48-9147-4B4E-A7BA-6FEF4E27BD5E}.Release|Any CPU.Build.0 = Release|Any CPU
	EndGlobalSection
	GlobalSection(SolutionProperties) = preSolution
		HideSolutionNode = FALSE
	EndGlobalSection
EndGlobal
